<?xml version="1.0" encoding="utf-8"?>
<Project ToolsVersion="4.0" xmlns="http://schemas.microsoft.com/developer/msbuild/2003">
  <ItemGroup>
    <Filter Include="Source Files">
      <UniqueIdentifier>{4FC737F1-C7A5-4376-A066-2A32D752A2FF}</UniqueIdentifier>
      <Extensions>cpp;c;cc;cxx;def;odl;idl;hpj;bat;asm;asmx</Extensions>
    </Filter>
    <Filter Include="Header Files">
      <UniqueIdentifier>{93995380-89BD-4b04-88EB-625FBE52EBFB}</UniqueIdentifier>
      <Extensions>h;hh;hpp;hxx;hm;inl;inc;xsd</Extensions>
    </Filter>
    <Filter Include="Resource Files">
      <UniqueIdentifier>{67DA6AB6-F800-4c08-8B7A-83BB121AAD01}</UniqueIdentifier>
      <Extensions>rc;ico;cur;bmp;dlg;rc2;rct;bin;rgs;gif;jpg;jpeg;jpe;resx;tiff;tif;png;wav;mfcribbon-ms</Extensions>
    </Filter>
    <Filter Include="Header Files\cpp api">
      <UniqueIdentifier>{0c7c2d49-9ebc-462f-b9ba-a85a4e4a2b15}</UniqueIdentifier>
    </Filter>
    <Filter Include="Source Files\cpp api">
      <UniqueIdentifier>{8325c893-6cd9-45a0-820e-7c4af00cc5c0}</UniqueIdentifier>
    </Filter>
  </ItemGroup>
  <ItemGroup>
    <ClInclude Include="src\plugin_module.hpp">
      <Filter>Header Files</Filter>
    </ClInclude>
    <ClInclude Include="src\headers.hpp">
      <Filter>Header Files</Filter>
    </ClInclude>
    <ClInclude Include="src\python.hpp">
      <Filter>Header Files</Filter>
    </ClInclude>
    <ClInclude Include="src\pygin.hpp">
      <Filter>Header Files</Filter>
    </ClInclude>
    <ClInclude Include="src\far_api.hpp">
      <Filter>Header Files</Filter>
    </ClInclude>
    <ClInclude Include="src\error_handling.hpp">
      <Filter>Header Files</Filter>
    </ClInclude>
    <ClInclude Include="src\types_cache.hpp">
      <Filter>Header Files</Filter>
    </ClInclude>
    <ClInclude Include="src\critical_section.hpp">
      <Filter>Header Files</Filter>
    </ClInclude>
    <ClInclude Include="src\py.boolean.hpp">
      <Filter>Header Files\cpp api</Filter>
    </ClInclude>
    <ClInclude Include="src\py.bytes.hpp">
      <Filter>Header Files\cpp api</Filter>
    </ClInclude>
    <ClInclude Include="src\py.common.hpp">
      <Filter>Header Files\cpp api</Filter>
    </ClInclude>
    <ClInclude Include="src\py.dictionary.hpp">
      <Filter>Header Files\cpp api</Filter>
    </ClInclude>
    <ClInclude Include="src\py.err.hpp">
      <Filter>Header Files\cpp api</Filter>
    </ClInclude>
    <ClInclude Include="src\py.floating.hpp">
      <Filter>Header Files\cpp api</Filter>
    </ClInclude>
    <ClInclude Include="src\py.function.hpp">
      <Filter>Header Files\cpp api</Filter>
    </ClInclude>
    <ClInclude Include="src\py.import.hpp">
      <Filter>Header Files\cpp api</Filter>
    </ClInclude>
    <ClInclude Include="src\py.integer.hpp">
      <Filter>Header Files\cpp api</Filter>
    </ClInclude>
    <ClInclude Include="src\py.list.hpp">
      <Filter>Header Files\cpp api</Filter>
    </ClInclude>
    <ClInclude Include="src\py.method_definitions.hpp">
      <Filter>Header Files\cpp api</Filter>
    </ClInclude>
    <ClInclude Include="src\py.module.hpp">
      <Filter>Header Files\cpp api</Filter>
    </ClInclude>
    <ClInclude Include="src\py.object.hpp">
      <Filter>Header Files\cpp api</Filter>
    </ClInclude>
    <ClInclude Include="src\py.string.hpp">
      <Filter>Header Files\cpp api</Filter>
    </ClInclude>
    <ClInclude Include="src\py.sys.hpp">
      <Filter>Header Files\cpp api</Filter>
    </ClInclude>
    <ClInclude Include="src\py.tuple.hpp">
      <Filter>Header Files\cpp api</Filter>
    </ClInclude>
    <ClInclude Include="src\py.type.hpp">
      <Filter>Header Files\cpp api</Filter>
    </ClInclude>
    <ClInclude Include="src\py.uuid.hpp">
      <Filter>Header Files\cpp api</Filter>
    </ClInclude>
    <ClInclude Include="src\helpers.hpp">
      <Filter>Header Files</Filter>
    </ClInclude>
  </ItemGroup>
  <ItemGroup>
    <ClCompile Include="src\pygin.cpp">
      <Filter>Source Files</Filter>
    </ClCompile>
    <ClCompile Include="src\dllmain.cpp">
      <Filter>Source Files</Filter>
    </ClCompile>
    <ClCompile Include="src\plugin_module.cpp">
      <Filter>Source Files</Filter>
    </ClCompile>
    <ClCompile Include="src\headers.cpp">
      <Filter>Source Files</Filter>
    </ClCompile>
    <ClCompile Include="src\plugin_module_interface.cpp">
      <Filter>Source Files</Filter>
    </ClCompile>
    <ClCompile Include="src\far_api.cpp">
      <Filter>Source Files</Filter>
    </ClCompile>
    <ClCompile Include="src\error_handling.cpp">
      <Filter>Source Files</Filter>
    </ClCompile>
    <ClCompile Include="src\types_cache.cpp">
      <Filter>Source Files</Filter>
    </ClCompile>
    <ClCompile Include="src\py.boolean.cpp">
      <Filter>Source Files\cpp api</Filter>
    </ClCompile>
    <ClCompile Include="src\py.bytes.cpp">
      <Filter>Source Files\cpp api</Filter>
    </ClCompile>
    <ClCompile Include="src\py.common.cpp">
      <Filter>Source Files\cpp api</Filter>
    </ClCompile>
    <ClCompile Include="src\py.dictionary.cpp">
      <Filter>Source Files\cpp api</Filter>
    </ClCompile>
    <ClCompile Include="src\py.err.cpp">
      <Filter>Source Files\cpp api</Filter>
    </ClCompile>
    <ClCompile Include="src\py.floating.cpp">
      <Filter>Source Files\cpp api</Filter>
    </ClCompile>
    <ClCompile Include="src\py.function.cpp">
      <Filter>Source Files\cpp api</Filter>
    </ClCompile>
    <ClCompile Include="src\py.list.cpp">
      <Filter>Source Files\cpp api</Filter>
    </ClCompile>
    <ClCompile Include="src\py.integer.cpp">
      <Filter>Source Files\cpp api</Filter>
    </ClCompile>
    <ClCompile Include="src\py.uuid.cpp">
      <Filter>Source Files\cpp api</Filter>
    </ClCompile>
    <ClCompile Include="src\py.type.cpp">
      <Filter>Source Files\cpp api</Filter>
    </ClCompile>
    <ClCompile Include="src\py.tuple.cpp">
      <Filter>Source Files\cpp api</Filter>
    </ClCompile>
    <ClCompile Include="src\py.sys.cpp">
      <Filter>Source Files\cpp api</Filter>
    </ClCompile>
    <ClCompile Include="src\py.string.cpp">
      <Filter>Source Files\cpp api</Filter>
    </ClCompile>
    <ClCompile Include="src\py.object.cpp">
      <Filter>Source Files\cpp api</Filter>
    </ClCompile>
    <ClCompile Include="src\py.method_definitions.cpp">
      <Filter>Source Files\cpp api</Filter>
    </ClCompile>
    <ClCompile Include="src\py.module.cpp">
      <Filter>Source Files\cpp api</Filter>
    </ClCompile>
    <ClCompile Include="src\py.import.cpp">
      <Filter>Source Files\cpp api</Filter>
    </ClCompile>
    <ClCompile Include="src\pygin.interface.cpp">
      <Filter>Source Files</Filter>
    </ClCompile>
  </ItemGroup>
  <ItemGroup>
    <None Include="src\pygin.def">
      <Filter>Source Files</Filter>
    </None>
  </ItemGroup>
</Project>