<?xml version="1.0" encoding="UTF-8" standalone="yes" ?>
<CodeBlocks_project_file>
	<FileVersion major="1" minor="6" />
	<Project>
		<Option title="SortStr" />
		<Option pch_mode="2" />
		<Option compiler="gnu_gcc_compiler_64" />
		<Build>
			<Target title="Debug">
				<Option output="bin\Debug\SortStr-x64" prefix_auto="1" extension_auto="1" />
				<Option object_output="obj\Debug-x64\" />
				<Option type="3" />
				<Option compiler="gnu_gcc_compiler_64" />
				<Option createDefFile="1" />
				<Option createStaticLib="1" />
				<Compiler>
					<Add option="-Wall" />
					<Add option="-DBUILD_DLL" />
					<Add option="-g" />
				</Compiler>
			</Target>
			<Target title="Release">
				<Option output="bin\Release\SortStr-x64" prefix_auto="1" extension_auto="1" />
				<Option object_output="obj\Release-x64\" />
				<Option type="3" />
				<Option compiler="gnu_gcc_compiler_64" />
				<Option createDefFile="1" />
				<Option createStaticLib="1" />
				<Compiler>
					<Add option="-Wall" />
					<Add option="-DBUILD_DLL" />
					<Add option="-Os" />
				</Compiler>
				<Linker>
					<Add option="-s" />
				</Linker>
			</Target>
		</Build>
		<Compiler>
			<Add option="-fomit-frame-pointer" />
			<Add option="-Wall" />
			<Add option="-mno-cygwin" />
			<Add option="-fstrict-aliasing" />
			<Add option="-fno-rtti" />
			<Add option="-fno-exceptions" />
			<Add option="-fno-threadsafe-statics" />
			<Add option="-DUNICODE" />
			<Add option="-D_UNICODE" />
			<Add option="-DWIDE=1" />
		</Compiler>
		<Linker>
			<Add option="-mno-cygwin" />
			<Add option="-1nostartfiles" />
			<Add option="-1nodefaultlibs" />
			<Add option="-1nostdlib" />
			<Add option="-Wl,-Map=bin/SortStr-x64.map" />
			<Add library="ntdll" />
			<Add library="msvcrt" />
			<Add library="advapi32" />
			<Add library="kernel32" />
			<Add library="mpr" />
			<Add library="shell32" />
			<Add library="shlwapi" />
			<Add library="gdi32" />
			<Add library="user32" />
		</Linker>
		<Unit filename="SortStr.cpp" />
		<Unit filename="resource.rc">
			<Option compilerVar="WINDRES" />
		</Unit>
		<Extensions>
			<code_completion />
			<envvars />
			<debugger />
			<lib_finder disable_auto="1" />
		</Extensions>
	</Project>
</CodeBlocks_project_file>
