<?xml version="1.0" encoding="utf-8"?>
<Project ToolsVersion="4.0" xmlns="http://schemas.microsoft.com/developer/msbuild/2003">
  <ItemGroup>
    <Filter Include="Header Files">
      <UniqueIdentifier>{93995380-89BD-4b04-88EB-625FBE52EBFB}</UniqueIdentifier>
      <Extensions>h;hpp;hxx;hm;inl;inc;xsd</Extensions>
    </Filter>
    <Filter Include="Lng">
      <UniqueIdentifier>{a3240a39-a58d-4d5e-890a-d27f473574cd}</UniqueIdentifier>
      <Extensions>*.lng</Extensions>
      <ParseFiles>false</ParseFiles>
    </Filter>
    <Filter Include="reg">
      <UniqueIdentifier>{80d87694-635a-49b8-8d59-ab49ade436a8}</UniqueIdentifier>
    </Filter>
    <Filter Include="Resource Files">
      <UniqueIdentifier>{67DA6AB6-F800-4c08-8B7A-83BB121AAD01}</UniqueIdentifier>
      <Extensions>rc;ico;cur;bmp;dlg;rc2;rct;bin;rgs;gif;jpg;jpeg;jpe;resx;tiff;tif;png;wav</Extensions>
    </Filter>
    <Filter Include="Source Files">
      <UniqueIdentifier>{4FC737F1-C7A5-4376-A066-2A32D752A2FF}</UniqueIdentifier>
      <Extensions>cpp;c;cc;cxx;def;odl;idl;hpj;bat;asm;asmx</Extensions>
    </Filter>
  </ItemGroup>
  <ItemGroup>
    <ClCompile Include="CmdTokens.cpp">
      <Filter>Source Files</Filter>
    </ClCompile>
    <ClCompile Include="container.cpp">
      <Filter>Source Files</Filter>
    </ClCompile>
    <ClCompile Include="functions.cpp">
      <Filter>Source Files</Filter>
    </ClCompile>
    <ClCompile Include="registry.cpp">
      <Filter>Source Files</Filter>
    </ClCompile>
    <ClCompile Include="stringstack.cpp">
      <Filter>Source Files</Filter>
    </ClCompile>
    <ClCompile Include="Tokenizer.cpp">
      <Filter>Source Files</Filter>
    </ClCompile>
    <ClCompile Include="UnicodeString.cpp">
      <Filter>Source Files</Filter>
    </ClCompile>
    <ClCompile Include="winapi.cpp">
      <Filter>Source Files</Filter>
    </ClCompile>
    <ClCompile Include="yac.cpp">
      <Filter>Source Files</Filter>
    </ClCompile>
  </ItemGroup>
  <ItemGroup>
    <None Include="cl.reg">
      <Filter>reg</Filter>
    </None>
    <None Include="farcmds.reg">
      <Filter>reg</Filter>
    </None>
    <None Include="help.reg">
      <Filter>reg</Filter>
    </None>
    <None Include="lng.templ">
      <Filter>Lng</Filter>
    </None>
    <None Include="net.reg">
      <Filter>reg</Filter>
    </None>
    <None Include="reg.reg">
      <Filter>reg</Filter>
    </None>
    <None Include="svn.reg">
      <Filter>reg</Filter>
    </None>
    <None Include="yacW.vc.def">
      <Filter>Source Files</Filter>
    </None>
  </ItemGroup>
  <ItemGroup>
    <ClInclude Include="CmdTokens.hpp">
      <Filter>Header Files</Filter>
    </ClInclude>
    <ClInclude Include="container.hpp">
      <Filter>Header Files</Filter>
    </ClInclude>
    <ClInclude Include="crypt.hpp">
      <Filter>Header Files</Filter>
    </ClInclude>
    <ClInclude Include="functions.hpp">
      <Filter>Header Files</Filter>
    </ClInclude>
    <ClInclude Include="header.hpp">
      <Filter>Header Files</Filter>
    </ClInclude>
    <ClInclude Include="lng.hpp">
      <Filter>Header Files</Filter>
    </ClInclude>
    <ClInclude Include="registry.hpp">
      <Filter>Header Files</Filter>
    </ClInclude>
    <ClInclude Include="stringstack.hpp">
      <Filter>Header Files</Filter>
    </ClInclude>
    <ClInclude Include="Tokenizer.hpp">
      <Filter>Header Files</Filter>
    </ClInclude>
    <ClInclude Include="unicodestring.hpp">
      <Filter>Header Files</Filter>
    </ClInclude>
    <ClInclude Include="ver.hpp">
      <Filter>Header Files</Filter>
    </ClInclude>
    <ClInclude Include="winapi.hpp">
      <Filter>Header Files</Filter>
    </ClInclude>
    <ClInclude Include="yac.hpp">
      <Filter>Header Files</Filter>
    </ClInclude>
  </ItemGroup>
  <ItemGroup>
    <ResourceCompile Include="yac.rc">
      <Filter>Resource Files</Filter>
    </ResourceCompile>
  </ItemGroup>
</Project>