
Microsoft Visual Studio Solution File, Format Version 12.00
# Visual Studio 14
VisualStudioVersion = 14.0.25420.1
MinimumVisualStudioVersion = 10.0.40219.1
Project("{8BC9CEB8-8B4A-11D0-8D11-00A0C91BC942}") = "pygin", "pygin\pygin.vcxproj", "{3374A3B7-81FB-48EA-80B8-2FBD04CACC0B}"
EndProject
Project("{8BC9CEB8-8B4A-11D0-8D11-00A0C91BC942}") = "pygin.loader", "pygin.loader\pygin.loader.vcxproj", "{B0058C50-AD2D-429F-9801-B1C6591CF9A3}"
EndProject
Project("{8BC9CEB8-8B4A-11D0-8D11-00A0C91BC942}") = "plugins", "plugins\plugins.vcxproj", "{1B26CC85-DE51-40D6-826E-DBEA4D2C0B1B}"
EndProject
Project("{8BC9CEB8-8B4A-11D0-8D11-00A0C91BC942}") = "modules", "modules\modules.vcxproj", "{A6933AAB-9A6D-4DD6-ABEA-E25F954FBC0E}"
EndProject
Project("{8BC9CEB8-8B4A-11D0-8D11-00A0C91BC942}") = "all", "all.vcxproj", "{5AE6AAAF-09B4-4037-ACD4-C4E5E2347A4A}"
	ProjectSection(ProjectDependencies) = postProject
		{B0058C50-AD2D-429F-9801-B1C6591CF9A3} = {B0058C50-AD2D-429F-9801-B1C6591CF9A3}
		{1B26CC85-DE51-40D6-826E-DBEA4D2C0B1B} = {1B26CC85-DE51-40D6-826E-DBEA4D2C0B1B}
		{A6933AAB-9A6D-4DD6-ABEA-E25F954FBC0E} = {A6933AAB-9A6D-4DD6-ABEA-E25F954FBC0E}
		{3374A3B7-81FB-48EA-80B8-2FBD04CACC0B} = {3374A3B7-81FB-48EA-80B8-2FBD04CACC0B}
	EndProjectSection
EndProject
Global
	GlobalSection(SolutionConfigurationPlatforms) = preSolution
		Debug|Win32 = Debug|Win32
		Debug|x64 = Debug|x64
		Release|Win32 = Release|Win32
		Release|x64 = Release|x64
	EndGlobalSection
	GlobalSection(ProjectConfigurationPlatforms) = postSolution
		{3374A3B7-81FB-48EA-80B8-2FBD04CACC0B}.Debug|Win32.ActiveCfg = Debug|Win32
		{3374A3B7-81FB-48EA-80B8-2FBD04CACC0B}.Debug|Win32.Build.0 = Debug|Win32
		{3374A3B7-81FB-48EA-80B8-2FBD04CACC0B}.Debug|x64.ActiveCfg = Debug|x64
		{3374A3B7-81FB-48EA-80B8-2FBD04CACC0B}.Debug|x64.Build.0 = Debug|x64
		{3374A3B7-81FB-48EA-80B8-2FBD04CACC0B}.Release|Win32.ActiveCfg = Release|Win32
		{3374A3B7-81FB-48EA-80B8-2FBD04CACC0B}.Release|Win32.Build.0 = Release|Win32
		{3374A3B7-81FB-48EA-80B8-2FBD04CACC0B}.Release|x64.ActiveCfg = Release|x64
		{3374A3B7-81FB-48EA-80B8-2FBD04CACC0B}.Release|x64.Build.0 = Release|x64
		{B0058C50-AD2D-429F-9801-B1C6591CF9A3}.Debug|Win32.ActiveCfg = Debug|Win32
		{B0058C50-AD2D-429F-9801-B1C6591CF9A3}.Debug|Win32.Build.0 = Debug|Win32
		{B0058C50-AD2D-429F-9801-B1C6591CF9A3}.Debug|x64.ActiveCfg = Debug|x64
		{B0058C50-AD2D-429F-9801-B1C6591CF9A3}.Debug|x64.Build.0 = Debug|x64
		{B0058C50-AD2D-429F-9801-B1C6591CF9A3}.Release|Win32.ActiveCfg = Release|Win32
		{B0058C50-AD2D-429F-9801-B1C6591CF9A3}.Release|Win32.Build.0 = Release|Win32
		{B0058C50-AD2D-429F-9801-B1C6591CF9A3}.Release|x64.ActiveCfg = Release|x64
		{B0058C50-AD2D-429F-9801-B1C6591CF9A3}.Release|x64.Build.0 = Release|x64
		{1B26CC85-DE51-40D6-826E-DBEA4D2C0B1B}.Debug|Win32.ActiveCfg = Debug|Win32
		{1B26CC85-DE51-40D6-826E-DBEA4D2C0B1B}.Debug|Win32.Build.0 = Debug|Win32
		{1B26CC85-DE51-40D6-826E-DBEA4D2C0B1B}.Debug|x64.ActiveCfg = Debug|x64
		{1B26CC85-DE51-40D6-826E-DBEA4D2C0B1B}.Debug|x64.Build.0 = Debug|x64
		{1B26CC85-DE51-40D6-826E-DBEA4D2C0B1B}.Release|Win32.ActiveCfg = Release|Win32
		{1B26CC85-DE51-40D6-826E-DBEA4D2C0B1B}.Release|Win32.Build.0 = Release|Win32
		{1B26CC85-DE51-40D6-826E-DBEA4D2C0B1B}.Release|x64.ActiveCfg = Release|x64
		{1B26CC85-DE51-40D6-826E-DBEA4D2C0B1B}.Release|x64.Build.0 = Release|x64
		{A6933AAB-9A6D-4DD6-ABEA-E25F954FBC0E}.Debug|Win32.ActiveCfg = Debug|Win32
		{A6933AAB-9A6D-4DD6-ABEA-E25F954FBC0E}.Debug|Win32.Build.0 = Debug|Win32
		{A6933AAB-9A6D-4DD6-ABEA-E25F954FBC0E}.Debug|x64.ActiveCfg = Debug|x64
		{A6933AAB-9A6D-4DD6-ABEA-E25F954FBC0E}.Debug|x64.Build.0 = Debug|x64
		{A6933AAB-9A6D-4DD6-ABEA-E25F954FBC0E}.Release|Win32.ActiveCfg = Release|Win32
		{A6933AAB-9A6D-4DD6-ABEA-E25F954FBC0E}.Release|Win32.Build.0 = Release|Win32
		{A6933AAB-9A6D-4DD6-ABEA-E25F954FBC0E}.Release|x64.ActiveCfg = Release|x64
		{A6933AAB-9A6D-4DD6-ABEA-E25F954FBC0E}.Release|x64.Build.0 = Release|x64
		{5AE6AAAF-09B4-4037-ACD4-C4E5E2347A4A}.Debug|Win32.ActiveCfg = Debug|Win32
		{5AE6AAAF-09B4-4037-ACD4-C4E5E2347A4A}.Debug|Win32.Build.0 = Debug|Win32
		{5AE6AAAF-09B4-4037-ACD4-C4E5E2347A4A}.Debug|x64.ActiveCfg = Debug|x64
		{5AE6AAAF-09B4-4037-ACD4-C4E5E2347A4A}.Debug|x64.Build.0 = Debug|x64
		{5AE6AAAF-09B4-4037-ACD4-C4E5E2347A4A}.Release|Win32.ActiveCfg = Release|Win32
		{5AE6AAAF-09B4-4037-ACD4-C4E5E2347A4A}.Release|Win32.Build.0 = Release|Win32
		{5AE6AAAF-09B4-4037-ACD4-C4E5E2347A4A}.Release|x64.ActiveCfg = Release|x64
		{5AE6AAAF-09B4-4037-ACD4-C4E5E2347A4A}.Release|x64.Build.0 = Release|x64
	EndGlobalSection
	GlobalSection(SolutionProperties) = preSolution
		HideSolutionNode = FALSE
	EndGlobalSection
EndGlobal
