<?xml version="1.0" encoding="utf-8"?>
<Project ToolsVersion="4.0" xmlns="http://schemas.microsoft.com/developer/msbuild/2003">
  <ItemGroup>
    <Filter Include="Source Files">
      <UniqueIdentifier>{4FC737F1-C7A5-4376-A066-2A32D752A2FF}</UniqueIdentifier>
      <Extensions>cpp;c;cc;cxx;def;odl;idl;hpj;bat;asm;asmx</Extensions>
    </Filter>
    <Filter Include="Header Files">
      <UniqueIdentifier>{93995380-89BD-4b04-88EB-625FBE52EBFB}</UniqueIdentifier>
      <Extensions>h;hh;hpp;hxx;hm;inl;inc;xsd</Extensions>
    </Filter>
    <Filter Include="Resource Files">
      <UniqueIdentifier>{67DA6AB6-F800-4c08-8B7A-83BB121AAD01}</UniqueIdentifier>
      <Extensions>rc;ico;cur;bmp;dlg;rc2;rct;bin;rgs;gif;jpg;jpeg;jpe;resx;tiff;tif;png;wav;mfcribbon-ms</Extensions>
    </Filter>
    <Filter Include="Header Files\cpp api">
      <UniqueIdentifier>{0c7c2d49-9ebc-462f-b9ba-a85a4e4a2b15}</UniqueIdentifier>
    </Filter>
    <Filter Include="Source Files\cpp api">
      <UniqueIdentifier>{8325c893-6cd9-45a0-820e-7c4af00cc5c0}</UniqueIdentifier>
    </Filter>
    <Filter Include="python api">
      <UniqueIdentifier>{9eebceaf-9dc3-4791-b595-3fe790800646}</UniqueIdentifier>
    </Filter>
  </ItemGroup>
  <ItemGroup>
    <ClInclude Include="module.hpp">
      <Filter>Header Files</Filter>
    </ClInclude>
    <ClInclude Include="headers.hpp">
      <Filter>Header Files</Filter>
    </ClInclude>
    <ClInclude Include="python.hpp">
      <Filter>Header Files</Filter>
    </ClInclude>
    <ClInclude Include="py_dictionary.hpp">
      <Filter>Header Files\cpp api</Filter>
    </ClInclude>
    <ClInclude Include="py_err.hpp">
      <Filter>Header Files\cpp api</Filter>
    </ClInclude>
    <ClInclude Include="py_import.hpp">
      <Filter>Header Files\cpp api</Filter>
    </ClInclude>
    <ClInclude Include="py_list.hpp">
      <Filter>Header Files\cpp api</Filter>
    </ClInclude>
    <ClInclude Include="py_object.hpp">
      <Filter>Header Files\cpp api</Filter>
    </ClInclude>
    <ClInclude Include="py_string.hpp">
      <Filter>Header Files\cpp api</Filter>
    </ClInclude>
    <ClInclude Include="py_sys.hpp">
      <Filter>Header Files\cpp api</Filter>
    </ClInclude>
    <ClInclude Include="py_integer.hpp">
      <Filter>Header Files\cpp api</Filter>
    </ClInclude>
    <ClInclude Include="py_tuple.hpp">
      <Filter>Header Files\cpp api</Filter>
    </ClInclude>
    <ClInclude Include="pygin.hpp">
      <Filter>Header Files</Filter>
    </ClInclude>
    <ClInclude Include="far_api.hpp">
      <Filter>Header Files</Filter>
    </ClInclude>
    <ClInclude Include="py_type.hpp">
      <Filter>Header Files\cpp api</Filter>
    </ClInclude>
    <ClInclude Include="py_uuid.hpp">
      <Filter>Header Files\cpp api</Filter>
    </ClInclude>
    <ClInclude Include="py_boolean.hpp">
      <Filter>Header Files\cpp api</Filter>
    </ClInclude>
    <ClInclude Include="py_common.hpp">
      <Filter>Header Files\cpp api</Filter>
    </ClInclude>
    <ClInclude Include="error_handling.hpp">
      <Filter>Header Files</Filter>
    </ClInclude>
  </ItemGroup>
  <ItemGroup>
    <ClCompile Include="pygin.cpp">
      <Filter>Source Files</Filter>
    </ClCompile>
    <ClCompile Include="dllmain.cpp">
      <Filter>Source Files</Filter>
    </ClCompile>
    <ClCompile Include="module.cpp">
      <Filter>Source Files</Filter>
    </ClCompile>
    <ClCompile Include="headers.cpp">
      <Filter>Source Files</Filter>
    </ClCompile>
    <ClCompile Include="py_dictionary.cpp">
      <Filter>Source Files\cpp api</Filter>
    </ClCompile>
    <ClCompile Include="py_err.cpp">
      <Filter>Source Files\cpp api</Filter>
    </ClCompile>
    <ClCompile Include="py_import.cpp">
      <Filter>Source Files\cpp api</Filter>
    </ClCompile>
    <ClCompile Include="py_list.cpp">
      <Filter>Source Files\cpp api</Filter>
    </ClCompile>
    <ClCompile Include="py_object.cpp">
      <Filter>Source Files\cpp api</Filter>
    </ClCompile>
    <ClCompile Include="py_string.cpp">
      <Filter>Source Files\cpp api</Filter>
    </ClCompile>
    <ClCompile Include="py_sys.cpp">
      <Filter>Source Files\cpp api</Filter>
    </ClCompile>
    <ClCompile Include="py_integer.cpp">
      <Filter>Source Files\cpp api</Filter>
    </ClCompile>
    <ClCompile Include="py_tuple.cpp">
      <Filter>Source Files\cpp api</Filter>
    </ClCompile>
    <ClCompile Include="module_interface.cpp">
      <Filter>Source Files</Filter>
    </ClCompile>
    <ClCompile Include="pygin_interface.cpp">
      <Filter>Source Files</Filter>
    </ClCompile>
    <ClCompile Include="far_api.cpp">
      <Filter>Source Files</Filter>
    </ClCompile>
    <ClCompile Include="py_type.cpp">
      <Filter>Source Files\cpp api</Filter>
    </ClCompile>
    <ClCompile Include="py_uuid.cpp">
      <Filter>Source Files\cpp api</Filter>
    </ClCompile>
    <ClCompile Include="py_boolean.cpp">
      <Filter>Source Files\cpp api</Filter>
    </ClCompile>
    <ClCompile Include="error_handling.cpp">
      <Filter>Source Files</Filter>
    </ClCompile>
    <ClCompile Include="py_common.cpp">
      <Filter>Source Files\cpp api</Filter>
    </ClCompile>
  </ItemGroup>
  <ItemGroup>
    <None Include="pygin.def">
      <Filter>Source Files</Filter>
    </None>
  </ItemGroup>
  <ItemGroup>
    <CustomBuild Include="pygin\__init__.py">
      <Filter>python api</Filter>
    </CustomBuild>
    <CustomBuild Include="pygin\misc.py">
      <Filter>python api</Filter>
    </CustomBuild>
    <CustomBuild Include="pygin\logging.py">
      <Filter>python api</Filter>
    </CustomBuild>
    <CustomBuild Include="pygin\farapi_types.py">
      <Filter>python api</Filter>
    </CustomBuild>
  </ItemGroup>
</Project>