
Microsoft Visual Studio Solution File, Format Version 11.00
# Visual Studio 2010
Project("{8BC9CEB8-8B4A-11D0-8D11-00A0C91BC942}") = "ClipCopy", "ClipCopy.vcxproj", "{159C015E-5132-49E0-B8DD-94A836145444}"
EndProject
Global
	GlobalSection(SolutionConfigurationPlatforms) = preSolution
		DebugAnsi|Win32 = DebugAnsi|Win32
		DebugV2|Win32 = DebugV2|Win32
		DebugV3|Win32 = DebugV3|Win32
		ReleaseAnsi|Win32 = ReleaseAnsi|Win32
		ReleaseV2|Win32 = ReleaseV2|Win32
		ReleaseV3|Win32 = ReleaseV3|Win32
	EndGlobalSection
	GlobalSection(ProjectConfigurationPlatforms) = postSolution
		{159C015E-5132-49E0-B8DD-94A836145444}.DebugAnsi|Win32.ActiveCfg = DebugAnsi|Win32
		{159C015E-5132-49E0-B8DD-94A836145444}.DebugAnsi|Win32.Build.0 = DebugAnsi|Win32
		{159C015E-5132-49E0-B8DD-94A836145444}.DebugV2|Win32.ActiveCfg = DebugV2|Win32
		{159C015E-5132-49E0-B8DD-94A836145444}.DebugV2|Win32.Build.0 = DebugV2|Win32
		{159C015E-5132-49E0-B8DD-94A836145444}.DebugV3|Win32.ActiveCfg = DebugV3|Win32
		{159C015E-5132-49E0-B8DD-94A836145444}.DebugV3|Win32.Build.0 = DebugV3|Win32
		{159C015E-5132-49E0-B8DD-94A836145444}.ReleaseAnsi|Win32.ActiveCfg = ReleaseAnsi|Win32
		{159C015E-5132-49E0-B8DD-94A836145444}.ReleaseAnsi|Win32.Build.0 = ReleaseAnsi|Win32
		{159C015E-5132-49E0-B8DD-94A836145444}.ReleaseV2|Win32.ActiveCfg = ReleaseV2|Win32
		{159C015E-5132-49E0-B8DD-94A836145444}.ReleaseV2|Win32.Build.0 = ReleaseV2|Win32
		{159C015E-5132-49E0-B8DD-94A836145444}.ReleaseV3|Win32.ActiveCfg = ReleaseV3|Win32
		{159C015E-5132-49E0-B8DD-94A836145444}.ReleaseV3|Win32.Build.0 = ReleaseV3|Win32
	EndGlobalSection
	GlobalSection(SolutionProperties) = preSolution
		HideSolutionNode = FALSE
	EndGlobalSection
EndGlobal
