
Microsoft Visual Studio Solution File, Format Version 10.00
# Visual Studio 2008
Project("{8BC9CEB8-8B4A-11D0-8D11-00A0C91BC942}") = "ClipCopy", "ClipCopy.vcproj", "{159C015E-5132-49E0-B8DD-94A836145444}"
EndProject
Global
	GlobalSection(SolutionConfigurationPlatforms) = preSolution
		Debug|Win32 = Debug|Win32
		DebugAnsi|Win32 = DebugAnsi|Win32
		Release|Win32 = Release|Win32
		ReleaseAnsi|Win32 = ReleaseAnsi|Win32
	EndGlobalSection
	GlobalSection(ProjectConfigurationPlatforms) = postSolution
		{159C015E-5132-49E0-B8DD-94A836145444}.Debug|Win32.ActiveCfg = Debug|Win32
		{159C015E-5132-49E0-B8DD-94A836145444}.Debug|Win32.Build.0 = Debug|Win32
		{159C015E-5132-49E0-B8DD-94A836145444}.DebugAnsi|Win32.ActiveCfg = DebugAnsi|Win32
		{159C015E-5132-49E0-B8DD-94A836145444}.DebugAnsi|Win32.Build.0 = DebugAnsi|Win32
		{159C015E-5132-49E0-B8DD-94A836145444}.Release|Win32.ActiveCfg = Release|Win32
		{159C015E-5132-49E0-B8DD-94A836145444}.Release|Win32.Build.0 = Release|Win32
		{159C015E-5132-49E0-B8DD-94A836145444}.ReleaseAnsi|Win32.ActiveCfg = ReleaseAnsi|Win32
		{159C015E-5132-49E0-B8DD-94A836145444}.ReleaseAnsi|Win32.Build.0 = ReleaseAnsi|Win32
	EndGlobalSection
	GlobalSection(SolutionProperties) = preSolution
		HideSolutionNode = FALSE
	EndGlobalSection
EndGlobal
