<?xml version="1.0" encoding="utf-8"?>
<Project ToolsVersion="4.0" xmlns="http://schemas.microsoft.com/developer/msbuild/2003">
  <ItemGroup>
    <Filter Include="Source Files">
      <UniqueIdentifier>{4FC737F1-C7A5-4376-A066-2A32D752A2FF}</UniqueIdentifier>
      <Extensions>cpp;c;cc;cxx;def;odl;idl;hpj;bat;asm;asmx</Extensions>
    </Filter>
    <Filter Include="Header Files">
      <UniqueIdentifier>{93995380-89BD-4b04-88EB-625FBE52EBFB}</UniqueIdentifier>
      <Extensions>h;hpp;hxx;hm;inl;inc;xsd</Extensions>
    </Filter>
    <Filter Include="Resource Files">
      <UniqueIdentifier>{67DA6AB6-F800-4c08-8B7A-83BB121AAD01}</UniqueIdentifier>
      <Extensions>rc;ico;cur;bmp;dlg;rc2;rct;bin;rgs;gif;jpg;jpeg;jpe;resx;tiff;tif;png;wav</Extensions>
    </Filter>
    <Filter Include="Dependencies">
      <UniqueIdentifier>{69c89168-34b1-4700-8033-c74a33dd436f}</UniqueIdentifier>
    </Filter>
    <Filter Include="Generated Files">
      <UniqueIdentifier>{93478c04-60ac-4930-8a5e-dd3b8eb1a425}</UniqueIdentifier>
      <SourceControlFiles>False</SourceControlFiles>
    </Filter>
  </ItemGroup>
  <ItemGroup>
    <ClCompile Include="headers.cpp">
      <Filter>Source Files</Filter>
    </ClCompile>
    <ClCompile Include="system.cpp">
      <Filter>Source Files</Filter>
    </ClCompile>
    <ClCompile Include="seven_zip_module_manager.cpp">
      <Filter>Source Files</Filter>
    </ClCompile>
    <ClCompile Include="prop_variant.cpp">
      <Filter>Source Files</Filter>
    </ClCompile>
    <ClCompile Include="text_color.cpp">
      <Filter>Source Files</Filter>
    </ClCompile>
    <ClCompile Include="imported_functions.cpp">
      <Filter>Source Files</Filter>
    </ClCompile>
    <ClCompile Include="hide_cursor.cpp">
      <Filter>Source Files</Filter>
    </ClCompile>
    <ClCompile Include="console.cpp">
      <Filter>Source Files</Filter>
    </ClCompile>
    <ClCompile Include="cursor_pos.cpp">
      <Filter>Source Files</Filter>
    </ClCompile>
    <ClCompile Include="update.cpp">
      <Filter>Source Files</Filter>
    </ClCompile>
  </ItemGroup>
  <ItemGroup>
    <ClInclude Include="headers.hpp">
      <Filter>Header Files</Filter>
    </ClInclude>
    <ClInclude Include="update.hpp">
      <Filter>Header Files</Filter>
    </ClInclude>
    <ClInclude Include="ver.hpp">
      <Filter>Header Files</Filter>
    </ClInclude>
    <ClInclude Include="lng.hpp">
      <Filter>Generated Files</Filter>
    </ClInclude>
    <ClInclude Include="system.hpp">
      <Filter>Header Files</Filter>
    </ClInclude>
    <ClInclude Include="seven_zip_module_manager.hpp">
      <Filter>Header Files</Filter>
    </ClInclude>
    <ClInclude Include="prop_variant.hpp">
      <Filter>Header Files</Filter>
    </ClInclude>
    <ClInclude Include="text_color.hpp">
      <Filter>Header Files</Filter>
    </ClInclude>
    <ClInclude Include="imported_functions.hpp">
      <Filter>Header Files</Filter>
    </ClInclude>
    <ClInclude Include="hide_cursor.hpp">
      <Filter>Header Files</Filter>
    </ClInclude>
    <ClInclude Include="console.hpp">
      <Filter>Header Files</Filter>
    </ClInclude>
    <ClInclude Include="cursor_pos.hpp">
      <Filter>Header Files</Filter>
    </ClInclude>
  </ItemGroup>
  <ItemGroup>
    <ResourceCompile Include="update.rc">
      <Filter>Resource Files</Filter>
    </ResourceCompile>
  </ItemGroup>
  <ItemGroup>
    <CustomBuild Include="lng.templ">
      <Filter>Dependencies</Filter>
    </CustomBuild>
  </ItemGroup>
</Project>